Microsoft Visual Studio Solution File, Format Version 11.00
# Visual Studio 2008

Project("{5AC53B81-F56C-22AC-F436-C661B8E68FCE}") = "SampleApp", "Assembly-CSharp-firstpass.csproj", "{C900AB6A-576F-3229-6D82-1FDA4A762FB2}"
EndProject
Project("{5AC53B81-F56C-22AC-F436-C661B8E68FCE}") = "SampleApp", "Assembly-CSharp.csproj", "{9A24D6BA-6BA4-B6F0-BA63-5689B707257C}"
EndProject
Project("{5AC53B81-F56C-22AC-F436-C661B8E68FCE}") = "SampleApp", "Assembly-CSharp-Editor.csproj", "{6B049383-D7C6-8981-9001-16605EAAE610}"
EndProject
Global
	GlobalSection(SolutionConfigurationPlatforms) = preSolution
		Debug|Any CPU = Debug|Any CPU
		Release|Any CPU = Release|Any CPU
	EndGlobalSection
	GlobalSection(ProjectConfigurationPlatforms) = postSolution
		{C900AB6A-576F-3229-6D82-1FDA4A762FB2}.Debug|Any CPU.ActiveCfg = Debug|Any CPU
		{C900AB6A-576F-3229-6D82-1FDA4A762FB2}.Debug|Any CPU.Build.0 = Debug|Any CPU
		{C900AB6A-576F-3229-6D82-1FDA4A762FB2}.Release|Any CPU.ActiveCfg = Release|Any CPU
		{C900AB6A-576F-3229-6D82-1FDA4A762FB2}.Release|Any CPU.Build.0 = Release|Any CPU
		{9A24D6BA-6BA4-B6F0-BA63-5689B707257C}.Debug|Any CPU.ActiveCfg = Debug|Any CPU
		{9A24D6BA-6BA4-B6F0-BA63-5689B707257C}.Debug|Any CPU.Build.0 = Debug|Any CPU
		{9A24D6BA-6BA4-B6F0-BA63-5689B707257C}.Release|Any CPU.ActiveCfg = Release|Any CPU
		{9A24D6BA-6BA4-B6F0-BA63-5689B707257C}.Release|Any CPU.Build.0 = Release|Any CPU
		{6B049383-D7C6-8981-9001-16605EAAE610}.Debug|Any CPU.ActiveCfg = Debug|Any CPU
		{6B049383-D7C6-8981-9001-16605EAAE610}.Debug|Any CPU.Build.0 = Debug|Any CPU
		{6B049383-D7C6-8981-9001-16605EAAE610}.Release|Any CPU.ActiveCfg = Release|Any CPU
		{6B049383-D7C6-8981-9001-16605EAAE610}.Release|Any CPU.Build.0 = Release|Any CPU
	EndGlobalSection
	GlobalSection(SolutionProperties) = preSolution
		HideSolutionNode = FALSE
	EndGlobalSection
	GlobalSection(MonoDevelopProperties) = preSolution
		StartupItem = Assembly-CSharp.csproj
	EndGlobalSection
EndGlobal
